
Microsoft Visual Studio Solution File, Format Version 12.00
# Visual Studio 15
VisualStudioVersion = 15.0.28307.136
MinimumVisualStudioVersion = 10.0.40219.1
Project("{FAE04EC0-301F-11D3-BF4B-00C04F79EFBC}") = "BittrexOrderBookWatch.ConsoleApp", "..\BittrexOrderBookWatch.ConsoleApp\BittrexOrderBookWatch.ConsoleApp.csproj", "{16AC068E-F526-48C3-9137-C6615A3EA8A1}"
EndProject
Global
	GlobalSection(SolutionConfigurationPlatforms) = preSolution
		Debug|Any CPU = Debug|Any CPU
		Release|Any CPU = Release|Any CPU
	EndGlobalSection
	GlobalSection(ProjectConfigurationPlatforms) = postSolution
		{16AC068E-F526-48C3-9137-C6615A3EA8A1}.Debug|Any CPU.ActiveCfg = Debug|Any CPU
		{16AC068E-F526-48C3-9137-C6615A3EA8A1}.Debug|Any CPU.Build.0 = Debug|Any CPU
		{16AC068E-F526-48C3-9137-C6615A3EA8A1}.Release|Any CPU.ActiveCfg = Release|Any CPU
		{16AC068E-F526-48C3-9137-C6615A3EA8A1}.Release|Any CPU.Build.0 = Release|Any CPU
	EndGlobalSection
	GlobalSection(SolutionProperties) = preSolution
		HideSolutionNode = FALSE
	EndGlobalSection
	GlobalSection(ExtensibilityGlobals) = postSolution
		SolutionGuid = {CB532965-D395-4CBE-A477-61E765B9F63D}
	EndGlobalSection
EndGlobal
